
Microsoft Visual Studio Solution File, Format Version 12.00
# Visual Studio Version 17
VisualStudioVersion = 17.1.32421.90
MinimumVisualStudioVersion = 10.0.40219.1
Project("{FAE04EC0-301F-11D3-BF4B-00C04F79EFBC}") = "ProjetoElevador", "ProjetoElevador\ProjetoElevador.csproj", "{9BDDF7D4-4AF3-4E55-B5EB-A2FB71E8C4B3}"
EndProject
Global
	GlobalSection(SolutionConfigurationPlatforms) = preSolution
		Debug|Any CPU = Debug|Any CPU
		Release|Any CPU = Release|Any CPU
	EndGlobalSection
	GlobalSection(ProjectConfigurationPlatforms) = postSolution
		{9BDDF7D4-4AF3-4E55-B5EB-A2FB71E8C4B3}.Debug|Any CPU.ActiveCfg = Debug|Any CPU
		{9BDDF7D4-4AF3-4E55-B5EB-A2FB71E8C4B3}.Debug|Any CPU.Build.0 = Debug|Any CPU
		{9BDDF7D4-4AF3-4E55-B5EB-A2FB71E8C4B3}.Release|Any CPU.ActiveCfg = Release|Any CPU
		{9BDDF7D4-4AF3-4E55-B5EB-A2FB71E8C4B3}.Release|Any CPU.Build.0 = Release|Any CPU
	EndGlobalSection
	GlobalSection(SolutionProperties) = preSolution
		HideSolutionNode = FALSE
	EndGlobalSection
	GlobalSection(ExtensibilityGlobals) = postSolution
		SolutionGuid = {250028EC-316C-49D9-B44C-C62115611C56}
	EndGlobalSection
EndGlobal
